// !$*UTF8*$!
{
	archiveVersion = 1;
	classes = {
	};
	objectVersion = 46;
	objects = {

/* Begin PBXBuildFile section */
		DE04A9AC1A0E9A7200D770CC /* main.swift in Sources */ = {isa = PBXBuildFile; fileRef = DE04A9AB1A0E9A7200D770CC /* main.swift */; };
/* End PBXBuildFile section */

/* Begin PBXCopyFilesBuildPhase section */
		DE04A9A61A0E9A7200D770CC /* CopyFiles */ = {
			isa = PBXCopyFilesBuildPhase;
			buildActionMask = 2147483647;
			dstPath = /usr/share/man/man1/;
			dstSubfolderSpec = 0;
			files = (
			);
			runOnlyForDeploymentPostprocessing = 1;
		};
/* End PBXCopyFilesBuildPhase section */

/* Begin PBXFileReference section */
		DE04A9A81A0E9A7200D770CC /* Filter */ = {isa = PBXFileReference; explicitFileType = "compiled.mach-o.executable"; includeInIndex = 0; path = Filter; sourceTree = BUILT_PRODUCTS_DIR; };
		DE04A9AB1A0E9A7200D770CC /* main.swift */ = {isa = PBXFileReference; lastKnownFileType = sourcecode.swift; path = main.swift; sourceTree = "<group>"; };
		DE04A9B31A0E9F1100D770CC /* GASoutput.s */ = {isa = PBXFileReference; lastKnownFileType = sourcecode.asm; path = GASoutput.s; sourceTree = "<group>"; };
		DE04A9B41A0E9FA400D770CC /* README */ = {isa = PBXFileReference; lastKnownFileType = text; path = README; sourceTree = "<group>"; };
		DE7929321A13AFB500E6C277 /* Test.s */ = {isa = PBXFileReference; lastKnownFileType = sourcecode.asm; path = Test.s; sourceTree = "<group>"; };
		DE7929331A13C3FC00E6C277 /* jsimd_arm64_neon.S */ = {isa = PBXFileReference; lastKnownFileType = sourcecode.asm; path = jsimd_arm64_neon.S; sourceTree = "<group>"; };
		DE7929351A13C78800E6C277 /* xGASoutput.S */ = {isa = PBXFileReference; lastKnownFileType = sourcecode.asm; path = xGASoutput.S; sourceTree = "<group>"; };
/* End PBXFileReference section */

/* Begin PBXFrameworksBuildPhase section */
		DE04A9A51A0E9A7200D770CC /* Frameworks */ = {
			isa = PBXFrameworksBuildPhase;
			buildActionMask = 2147483647;
			files = (
			);
			runOnlyForDeploymentPostprocessing = 0;
		};
/* End PBXFrameworksBuildPhase section */

/* Begin PBXGroup section */
		DE04A99F1A0E9A7200D770CC = {
			isa = PBXGroup;
			children = (
				DE04A9AA1A0E9A7200D770CC /* Filter */,
				DE04A9A91A0E9A7200D770CC /* Products */,
			);
			sourceTree = "<group>";
		};
		DE04A9A91A0E9A7200D770CC /* Products */ = {
			isa = PBXGroup;
			children = (
				DE04A9A81A0E9A7200D770CC /* Filter */,
			);
			name = Products;
			sourceTree = "<group>";
		};
		DE04A9AA1A0E9A7200D770CC /* Filter */ = {
			isa = PBXGroup;
			children = (
				DE04A9B41A0E9FA400D770CC /* README */,
				DE04A9B31A0E9F1100D770CC /* GASoutput.s */,
				DE7929351A13C78800E6C277 /* xGASoutput.S */,
				DE04A9AB1A0E9A7200D770CC /* main.swift */,
				DE7929321A13AFB500E6C277 /* Test.s */,
				DE7929331A13C3FC00E6C277 /* jsimd_arm64_neon.S */,
			);
			path = Filter;
			sourceTree = "<group>";
		};
/* End PBXGroup section */

/* Begin PBXNativeTarget section */
		DE04A9A71A0E9A7200D770CC /* Filter */ = {
			isa = PBXNativeTarget;
			buildConfigurationList = DE04A9AF1A0E9A7200D770CC /* Build configuration list for PBXNativeTarget "Filter" */;
			buildPhases = (
				DE04A9A41A0E9A7200D770CC /* Sources */,
				DE04A9A51A0E9A7200D770CC /* Frameworks */,
				DE04A9A61A0E9A7200D770CC /* CopyFiles */,
				DE1183F41A17B2F7008229E5 /* ShellScript */,
			);
			buildRules = (
			);
			dependencies = (
			);
			name = Filter;
			productName = Filter;
			productReference = DE04A9A81A0E9A7200D770CC /* Filter */;
			productType = "com.apple.product-type.tool";
		};
/* End PBXNativeTarget section */

/* Begin PBXProject section */
		DE04A9A01A0E9A7200D770CC /* Project object */ = {
			isa = PBXProject;
			attributes = {
				LastUpgradeCheck = 0610;
				ORGANIZATIONNAME = dhoerl;
				TargetAttributes = {
					DE04A9A71A0E9A7200D770CC = {
						CreatedOnToolsVersion = 6.1;
					};
				};
			};
			buildConfigurationList = DE04A9A31A0E9A7200D770CC /* Build configuration list for PBXProject "Filter" */;
			compatibilityVersion = "Xcode 3.2";
			developmentRegion = English;
			hasScannedForEncodings = 0;
			knownRegions = (
				en,
			);
			mainGroup = DE04A99F1A0E9A7200D770CC;
			productRefGroup = DE04A9A91A0E9A7200D770CC /* Products */;
			projectDirPath = "";
			projectRoot = "";
			targets = (
				DE04A9A71A0E9A7200D770CC /* Filter */,
			);
		};
/* End PBXProject section */

/* Begin PBXShellScriptBuildPhase section */
		DE1183F41A17B2F7008229E5 /* ShellScript */ = {
			isa = PBXShellScriptBuildPhase;
			buildActionMask = 2147483647;
			files = (
			);
			inputPaths = (
			);
			outputPaths = (
			);
			runOnlyForDeploymentPostprocessing = 0;
			shellPath = /bin/ksh;
			shellScript = "rm -f ../gas-post-filter\necho \"${BUILT_PRODUCTS_DIR}/Filter\"\necho \"${PROJECT_DIR}/../gas-post-filter\"\ncp \"${BUILT_PRODUCTS_DIR}/Filter\" \"${PROJECT_DIR}/../gas-post-filter\"";
		};
/* End PBXShellScriptBuildPhase section */

/* Begin PBXSourcesBuildPhase section */
		DE04A9A41A0E9A7200D770CC /* Sources */ = {
			isa = PBXSourcesBuildPhase;
			buildActionMask = 2147483647;
			files = (
				DE04A9AC1A0E9A7200D770CC /* main.swift in Sources */,
			);
			runOnlyForDeploymentPostprocessing = 0;
		};
/* End PBXSourcesBuildPhase section */

/* Begin XCBuildConfiguration section */
		DE04A9AD1A0E9A7200D770CC /* Debug */ = {
			isa = XCBuildConfiguration;
			buildSettings = {
				ALWAYS_SEARCH_USER_PATHS = NO;
				CLANG_CXX_LANGUAGE_STANDARD = "gnu++0x";
				CLANG_CXX_LIBRARY = "libc++";
				CLANG_ENABLE_MODULES = YES;
				CLANG_ENABLE_OBJC_ARC = YES;
				CLANG_WARN_BOOL_CONVERSION = YES;
				CLANG_WARN_CONSTANT_CONVERSION = YES;
				CLANG_WARN_DIRECT_OBJC_ISA_USAGE = YES_ERROR;
				CLANG_WARN_EMPTY_BODY = YES;
				CLANG_WARN_ENUM_CONVERSION = YES;
				CLANG_WARN_INT_CONVERSION = YES;
				CLANG_WARN_OBJC_ROOT_CLASS = YES_ERROR;
				CLANG_WARN_UNREACHABLE_CODE = YES;
				CLANG_WARN__DUPLICATE_METHOD_MATCH = YES;
				COPY_PHASE_STRIP = NO;
				ENABLE_STRICT_OBJC_MSGSEND = YES;
				GCC_C_LANGUAGE_STANDARD = gnu99;
				GCC_DYNAMIC_NO_PIC = NO;
				GCC_OPTIMIZATION_LEVEL = 0;
				GCC_PREPROCESSOR_DEFINITIONS = (
					"DEBUG=1",
					"$(inherited)",
				);
				GCC_SYMBOLS_PRIVATE_EXTERN = NO;
				GCC_WARN_64_TO_32_BIT_CONVERSION = YES;
				GCC_WARN_ABOUT_RETURN_TYPE = YES_ERROR;
				GCC_WARN_UNDECLARED_SELECTOR = YES;
				GCC_WARN_UNINITIALIZED_AUTOS = YES_AGGRESSIVE;
				GCC_WARN_UNUSED_FUNCTION = YES;
				GCC_WARN_UNUSED_VARIABLE = YES;
				MACOSX_DEPLOYMENT_TARGET = 10.10;
				MTL_ENABLE_DEBUG_INFO = YES;
				ONLY_ACTIVE_ARCH = YES;
				SDKROOT = macosx;
				SWIFT_OPTIMIZATION_LEVEL = "-Onone";
			};
			name = Debug;
		};
		DE04A9AE1A0E9A7200D770CC /* Release */ = {
			isa = XCBuildConfiguration;
			buildSettings = {
				ALWAYS_SEARCH_USER_PATHS = NO;
				CLANG_CXX_LANGUAGE_STANDARD = "gnu++0x";
				CLANG_CXX_LIBRARY = "libc++";
				CLANG_ENABLE_MODULES = YES;
				CLANG_ENABLE_OBJC_ARC = YES;
				CLANG_WARN_BOOL_CONVERSION = YES;
				CLANG_WARN_CONSTANT_CONVERSION = YES;
				CLANG_WARN_DIRECT_OBJC_ISA_USAGE = YES_ERROR;
				CLANG_WARN_EMPTY_BODY = YES;
				CLANG_WARN_ENUM_CONVERSION = YES;
				CLANG_WARN_INT_CONVERSION = YES;
				CLANG_WARN_OBJC_ROOT_CLASS = YES_ERROR;
				CLANG_WARN_UNREACHABLE_CODE = YES;
				CLANG_WARN__DUPLICATE_METHOD_MATCH = YES;
				COPY_PHASE_STRIP = YES;
				DEBUG_INFORMATION_FORMAT = "dwarf-with-dsym";
				ENABLE_NS_ASSERTIONS = NO;
				ENABLE_STRICT_OBJC_MSGSEND = YES;
				GCC_C_LANGUAGE_STANDARD = gnu99;
				GCC_WARN_64_TO_32_BIT_CONVERSION = YES;
				GCC_WARN_ABOUT_RETURN_TYPE = YES_ERROR;
				GCC_WARN_UNDECLARED_SELECTOR = YES;
				GCC_WARN_UNINITIALIZED_AUTOS = YES_AGGRESSIVE;
				GCC_WARN_UNUSED_FUNCTION = YES;
				GCC_WARN_UNUSED_VARIABLE = YES;
				MACOSX_DEPLOYMENT_TARGET = 10.10;
				MTL_ENABLE_DEBUG_INFO = NO;
				SDKROOT = macosx;
			};
			name = Release;
		};
		DE04A9B01A0E9A7200D770CC /* Debug */ = {
			isa = XCBuildConfiguration;
			buildSettings = {
				PRODUCT_NAME = "$(TARGET_NAME)";
				SWIFT_INSTALL_OBJC_HEADER = NO;
			};
			name = Debug;
		};
		DE04A9B11A0E9A7200D770CC /* Release */ = {
			isa = XCBuildConfiguration;
			buildSettings = {
				PRODUCT_NAME = "$(TARGET_NAME)";
				SWIFT_INSTALL_OBJC_HEADER = NO;
			};
			name = Release;
		};
/* End XCBuildConfiguration section */

/* Begin XCConfigurationList section */
		DE04A9A31A0E9A7200D770CC /* Build configuration list for PBXProject "Filter" */ = {
			isa = XCConfigurationList;
			buildConfigurations = (
				DE04A9AD1A0E9A7200D770CC /* Debug */,
				DE04A9AE1A0E9A7200D770CC /* Release */,
			);
			defaultConfigurationIsVisible = 0;
			defaultConfigurationName = Release;
		};
		DE04A9AF1A0E9A7200D770CC /* Build configuration list for PBXNativeTarget "Filter" */ = {
			isa = XCConfigurationList;
			buildConfigurations = (
				DE04A9B01A0E9A7200D770CC /* Debug */,
				DE04A9B11A0E9A7200D770CC /* Release */,
			);
			defaultConfigurationIsVisible = 0;
			defaultConfigurationName = Release;
		};
/* End XCConfigurationList section */
	};
	rootObject = DE04A9A01A0E9A7200D770CC /* Project object */;
}
