// !$*UTF8*$!
{
	archiveVersion = 1;
	classes = {
	};
	objectVersion = 46;
	objects = {

/* Begin PBXAggregateTarget section */
		DEDEC1A31A16A6E0001C8EE3 /* Library Builder */ = {
			isa = PBXAggregateTarget;
			buildConfigurationList = DEDEC1A41A16A6E0001C8EE3 /* Build configuration list for PBXAggregateTarget "Library Builder" */;
			buildPhases = (
				DEDEC1A71A16A6EF001C8EE3 /* ShellScript */,
			);
			dependencies = (
			);
			name = "Library Builder";
			productName = "Library Builder";
		};
/* End PBXAggregateTarget section */

/* Begin PBXFileReference section */
		DE1183F51A17B98B008229E5 /* gas-preprocessor.pl */ = {isa = PBXFileReference; lastKnownFileType = text.script.perl; path = "gas-preprocessor.pl"; sourceTree = "<group>"; };
		DE1183F61A17B98B008229E5 /* orig-gas-preprocessor.pl */ = {isa = PBXFileReference; lastKnownFileType = text.script.perl; path = "orig-gas-preprocessor.pl"; sourceTree = "<group>"; };
		DE4ADA7914E2C9C400D63E5A /* libjpeg-turbo-builder-Info.plist */ = {isa = PBXFileReference; lastKnownFileType = text.plist.xml; path = "libjpeg-turbo-builder-Info.plist"; sourceTree = "<group>"; };
		DE4ADA7B14E2C9C400D63E5A /* en */ = {isa = PBXFileReference; lastKnownFileType = text.plist.strings; name = en; path = en.lproj/InfoPlist.strings; sourceTree = "<group>"; };
		DE4ADA7D14E2C9C400D63E5A /* main.m */ = {isa = PBXFileReference; lastKnownFileType = sourcecode.c.objc; path = main.m; sourceTree = "<group>"; };
		DE4ADA7F14E2C9C400D63E5A /* libjpeg-turbo-builder-Prefix.pch */ = {isa = PBXFileReference; lastKnownFileType = sourcecode.c.h; path = "libjpeg-turbo-builder-Prefix.pch"; sourceTree = "<group>"; };
		DE4ADA8014E2C9C400D63E5A /* AppDelegate.h */ = {isa = PBXFileReference; lastKnownFileType = sourcecode.c.h; path = AppDelegate.h; sourceTree = "<group>"; };
		DE4ADA8114E2C9C400D63E5A /* AppDelegate.m */ = {isa = PBXFileReference; lastKnownFileType = sourcecode.c.objc; path = AppDelegate.m; sourceTree = "<group>"; };
		DE4ADA8814E2C9F900D63E5A /* ScriptVariables */ = {isa = PBXFileReference; lastKnownFileType = text; path = ScriptVariables; sourceTree = "<group>"; };
		DE4ADA9614E342AC00D63E5A /* Log */ = {isa = PBXFileReference; lastKnownFileType = text; path = Log; sourceTree = "<group>"; };
		DE4ADA9714E3437000D63E5A /* ScriptRunner */ = {isa = PBXFileReference; lastKnownFileType = text; path = ScriptRunner; sourceTree = "<group>"; };
		DE4ADA9814E3439A00D63E5A /* README */ = {isa = PBXFileReference; lastKnownFileType = text; path = README; sourceTree = "<group>"; };
		DE588D5514E5F53500C7E151 /* Log.configure */ = {isa = PBXFileReference; lastKnownFileType = text; path = Log.configure; sourceTree = "<group>"; };
		DE588D5614E5F54B00C7E151 /* Log.make */ = {isa = PBXFileReference; lastKnownFileType = text; path = Log.make; sourceTree = "<group>"; };
/* End PBXFileReference section */

/* Begin PBXGroup section */
		DE4ADA6214E2C9C400D63E5A = {
			isa = PBXGroup;
			children = (
				DE4ADA9814E3439A00D63E5A /* README */,
				DE4ADA8814E2C9F900D63E5A /* ScriptVariables */,
				DE4ADA9714E3437000D63E5A /* ScriptRunner */,
				DE4ADA9614E342AC00D63E5A /* Log */,
				DE588D5514E5F53500C7E151 /* Log.configure */,
				DE588D5614E5F54B00C7E151 /* Log.make */,
				DE1183F51A17B98B008229E5 /* gas-preprocessor.pl */,
				DE1183F61A17B98B008229E5 /* orig-gas-preprocessor.pl */,
				DE4ADA7714E2C9C400D63E5A /* libjpeg-turbo-builder */,
				DE4ADA6E14E2C9C400D63E5A /* Products */,
			);
			sourceTree = "<group>";
		};
		DE4ADA6E14E2C9C400D63E5A /* Products */ = {
			isa = PBXGroup;
			children = (
			);
			name = Products;
			sourceTree = "<group>";
		};
		DE4ADA7714E2C9C400D63E5A /* libjpeg-turbo-builder */ = {
			isa = PBXGroup;
			children = (
				DE4ADA8014E2C9C400D63E5A /* AppDelegate.h */,
				DE4ADA8114E2C9C400D63E5A /* AppDelegate.m */,
				DE4ADA7814E2C9C400D63E5A /* Supporting Files */,
			);
			path = "libjpeg-turbo-builder";
			sourceTree = "<group>";
		};
		DE4ADA7814E2C9C400D63E5A /* Supporting Files */ = {
			isa = PBXGroup;
			children = (
				DE4ADA7914E2C9C400D63E5A /* libjpeg-turbo-builder-Info.plist */,
				DE4ADA7A14E2C9C400D63E5A /* InfoPlist.strings */,
				DE4ADA7D14E2C9C400D63E5A /* main.m */,
				DE4ADA7F14E2C9C400D63E5A /* libjpeg-turbo-builder-Prefix.pch */,
			);
			name = "Supporting Files";
			sourceTree = "<group>";
		};
/* End PBXGroup section */

/* Begin PBXProject section */
		DE4ADA6414E2C9C400D63E5A /* Project object */ = {
			isa = PBXProject;
			attributes = {
				LastUpgradeCheck = 0420;
				TargetAttributes = {
					DEDEC1A31A16A6E0001C8EE3 = {
						CreatedOnToolsVersion = 6.1;
					};
				};
			};
			buildConfigurationList = DE4ADA6714E2C9C400D63E5A /* Build configuration list for PBXProject "libjpeg-turbo-builder" */;
			compatibilityVersion = "Xcode 3.2";
			developmentRegion = English;
			hasScannedForEncodings = 0;
			knownRegions = (
				en,
			);
			mainGroup = DE4ADA6214E2C9C400D63E5A;
			productRefGroup = DE4ADA6E14E2C9C400D63E5A /* Products */;
			projectDirPath = "";
			projectRoot = "";
			targets = (
				DEDEC1A31A16A6E0001C8EE3 /* Library Builder */,
			);
		};
/* End PBXProject section */

/* Begin PBXShellScriptBuildPhase section */
		DEDEC1A71A16A6EF001C8EE3 /* ShellScript */ = {
			isa = PBXShellScriptBuildPhase;
			buildActionMask = 2147483647;
			files = (
			);
			inputPaths = (
			);
			outputPaths = (
			);
			runOnlyForDeploymentPostprocessing = 0;
			shellPath = /bin/ksh;
			shellScript = "> Log\n> Log.configure\n> Log.make\n./scriptRunner 2>&1 | tee -a Log";
		};
/* End PBXShellScriptBuildPhase section */

/* Begin PBXVariantGroup section */
		DE4ADA7A14E2C9C400D63E5A /* InfoPlist.strings */ = {
			isa = PBXVariantGroup;
			children = (
				DE4ADA7B14E2C9C400D63E5A /* en */,
			);
			name = InfoPlist.strings;
			sourceTree = "<group>";
		};
/* End PBXVariantGroup section */

/* Begin XCBuildConfiguration section */
		DE4ADA8314E2C9C400D63E5A /* Debug */ = {
			isa = XCBuildConfiguration;
			buildSettings = {
				ALWAYS_SEARCH_USER_PATHS = NO;
				"CODE_SIGN_IDENTITY[sdk=iphoneos*]" = "iPhone Developer";
				COPY_PHASE_STRIP = NO;
				GCC_C_LANGUAGE_STANDARD = c99;
				GCC_DYNAMIC_NO_PIC = NO;
				GCC_OPTIMIZATION_LEVEL = 0;
				GCC_PREPROCESSOR_DEFINITIONS = (
					"DEBUG=1",
					"$(inherited)",
				);
				GCC_SYMBOLS_PRIVATE_EXTERN = NO;
				GCC_WARN_ABOUT_MISSING_PROTOTYPES = YES;
				GCC_WARN_ABOUT_RETURN_TYPE = YES;
				GCC_WARN_UNUSED_VARIABLE = YES;
				SDKROOT = iphoneos;
			};
			name = Debug;
		};
		DE4ADA8414E2C9C400D63E5A /* Release */ = {
			isa = XCBuildConfiguration;
			buildSettings = {
				ALWAYS_SEARCH_USER_PATHS = NO;
				"CODE_SIGN_IDENTITY[sdk=iphoneos*]" = "iPhone Developer";
				COPY_PHASE_STRIP = YES;
				GCC_C_LANGUAGE_STANDARD = c99;
				GCC_WARN_ABOUT_MISSING_PROTOTYPES = YES;
				GCC_WARN_ABOUT_RETURN_TYPE = YES;
				GCC_WARN_UNUSED_VARIABLE = YES;
				OTHER_CFLAGS = "-DNS_BLOCK_ASSERTIONS=1";
				SDKROOT = iphoneos;
				VALIDATE_PRODUCT = NO;
			};
			name = Release;
		};
		DEDEC1A51A16A6E0001C8EE3 /* Debug */ = {
			isa = XCBuildConfiguration;
			buildSettings = {
				PRODUCT_NAME = "$(TARGET_NAME)";
			};
			name = Debug;
		};
		DEDEC1A61A16A6E0001C8EE3 /* Release */ = {
			isa = XCBuildConfiguration;
			buildSettings = {
				PRODUCT_NAME = "$(TARGET_NAME)";
			};
			name = Release;
		};
/* End XCBuildConfiguration section */

/* Begin XCConfigurationList section */
		DE4ADA6714E2C9C400D63E5A /* Build configuration list for PBXProject "libjpeg-turbo-builder" */ = {
			isa = XCConfigurationList;
			buildConfigurations = (
				DE4ADA8314E2C9C400D63E5A /* Debug */,
				DE4ADA8414E2C9C400D63E5A /* Release */,
			);
			defaultConfigurationIsVisible = 0;
			defaultConfigurationName = Release;
		};
		DEDEC1A41A16A6E0001C8EE3 /* Build configuration list for PBXAggregateTarget "Library Builder" */ = {
			isa = XCConfigurationList;
			buildConfigurations = (
				DEDEC1A51A16A6E0001C8EE3 /* Debug */,
				DEDEC1A61A16A6E0001C8EE3 /* Release */,
			);
			defaultConfigurationIsVisible = 0;
			defaultConfigurationName = Release;
		};
/* End XCConfigurationList section */
	};
	rootObject = DE4ADA6414E2C9C400D63E5A /* Project object */;
}
